
Microsoft Visual Studio Solution File, Format Version 12.00
# Visual Studio Version 16
VisualStudioVersion = 16.0.32106.194
MinimumVisualStudioVersion = 10.0.40219.1
Project("{FAE04EC0-301F-11D3-BF4B-00C04F79EFBC}") = "AutoMapper_Example", "AutoMapper_Example\AutoMapper_Example.csproj", "{87C7087A-4E5A-43E9-AA52-6A4AAFF32544}"
EndProject
Global
	GlobalSection(SolutionConfigurationPlatforms) = preSolution
		Debug|Any CPU = Debug|Any CPU
		Release|Any CPU = Release|Any CPU
	EndGlobalSection
	GlobalSection(ProjectConfigurationPlatforms) = postSolution
		{87C7087A-4E5A-43E9-AA52-6A4AAFF32544}.Debug|Any CPU.ActiveCfg = Debug|Any CPU
		{87C7087A-4E5A-43E9-AA52-6A4AAFF32544}.Debug|Any CPU.Build.0 = Debug|Any CPU
		{87C7087A-4E5A-43E9-AA52-6A4AAFF32544}.Release|Any CPU.ActiveCfg = Release|Any CPU
		{87C7087A-4E5A-43E9-AA52-6A4AAFF32544}.Release|Any CPU.Build.0 = Release|Any CPU
	EndGlobalSection
	GlobalSection(SolutionProperties) = preSolution
		HideSolutionNode = FALSE
	EndGlobalSection
	GlobalSection(ExtensibilityGlobals) = postSolution
		SolutionGuid = {FCD11351-CDAF-42DC-9EAF-77E022023C98}
	EndGlobalSection
EndGlobal
